// !$*UTF8*$!
{
	archiveVersion = 1;
	classes = {
	};
	objectVersion = 52;
	objects = {

/* Begin PBXBuildFile section */
		A58B1C6324D68D630090B1B6 /* AppDelegate.swift in Sources */ = {isa = PBXBuildFile; fileRef = A58B1C6224D68D630090B1B6 /* AppDelegate.swift */; };
		A58B1C6524D68D630090B1B6 /* SceneDelegate.swift in Sources */ = {isa = PBXBuildFile; fileRef = A58B1C6424D68D630090B1B6 /* SceneDelegate.swift */; };
		A58B1C6E24D68D6A0090B1B6 /* Assets.xcassets in Resources */ = {isa = PBXBuildFile; fileRef = A58B1C6D24D68D6A0090B1B6 /* Assets.xcassets */; };
		A58B1C7124D68D6A0090B1B6 /* LaunchScreen.storyboard in Resources */ = {isa = PBXBuildFile; fileRef = A58B1C6F24D68D6A0090B1B6 /* LaunchScreen.storyboard */; };
		A58B1C7C24D68D6A0090B1B6 /* Coding_TestTests.swift in Sources */ = {isa = PBXBuildFile; fileRef = A58B1C7B24D68D6A0090B1B6 /* Coding_TestTests.swift */; };
		C9C0D7AF28126A5F006A8F39 /* SecondViewController.swift in Sources */ = {isa = PBXBuildFile; fileRef = C9C0D7AE28126A5F006A8F39 /* SecondViewController.swift */; };
		C9C0D7B128126C89006A8F39 /* RootView.swift in Sources */ = {isa = PBXBuildFile; fileRef = C9C0D7B028126C89006A8F39 /* RootView.swift */; };
		C9C0D7B428126DFC006A8F39 /* Realm in Frameworks */ = {isa = PBXBuildFile; productRef = C9C0D7B328126DFC006A8F39 /* Realm */; };
		C9C0D7B628126DFC006A8F39 /* RealmSwift in Frameworks */ = {isa = PBXBuildFile; productRef = C9C0D7B528126DFC006A8F39 /* RealmSwift */; };
		C9C0D7B828126E53006A8F39 /* CustomView.swift in Sources */ = {isa = PBXBuildFile; fileRef = C9C0D7B728126E53006A8F39 /* CustomView.swift */; };
		C9C0D7BA28126F50006A8F39 /* RealmManager.swift in Sources */ = {isa = PBXBuildFile; fileRef = C9C0D7B928126F50006A8F39 /* RealmManager.swift */; };
		C9C0D7BC28128734006A8F39 /* TestviewModel.swift in Sources */ = {isa = PBXBuildFile; fileRef = C9C0D7BB28128734006A8F39 /* TestviewModel.swift */; };
		C9EA2AF428123011004DA10B /* FirstViewController.swift in Sources */ = {isa = PBXBuildFile; fileRef = C9EA2AF328123011004DA10B /* FirstViewController.swift */; };
		C9EA2AF7281230B9004DA10B /* APIFetcher.swift in Sources */ = {isa = PBXBuildFile; fileRef = C9EA2AF6281230B9004DA10B /* APIFetcher.swift */; };
		C9EA2AF9281232FD004DA10B /* ResponseBase.swift in Sources */ = {isa = PBXBuildFile; fileRef = C9EA2AF8281232FD004DA10B /* ResponseBase.swift */; };
		C9EA2B0128124D62004DA10B /* Kingfisher in Frameworks */ = {isa = PBXBuildFile; productRef = C9EA2B0028124D62004DA10B /* Kingfisher */; };
/* End PBXBuildFile section */

/* Begin PBXContainerItemProxy section */
		A58B1C7824D68D6A0090B1B6 /* PBXContainerItemProxy */ = {
			isa = PBXContainerItemProxy;
			containerPortal = A58B1C5724D68D630090B1B6 /* Project object */;
			proxyType = 1;
			remoteGlobalIDString = A58B1C5E24D68D630090B1B6;
			remoteInfo = "Coding-Test";
		};
/* End PBXContainerItemProxy section */

/* Begin PBXFileReference section */
		A58B1C5F24D68D630090B1B6 /* Coding-Test.app */ = {isa = PBXFileReference; explicitFileType = wrapper.application; includeInIndex = 0; path = "Coding-Test.app"; sourceTree = BUILT_PRODUCTS_DIR; };
		A58B1C6224D68D630090B1B6 /* AppDelegate.swift */ = {isa = PBXFileReference; lastKnownFileType = sourcecode.swift; path = AppDelegate.swift; sourceTree = "<group>"; };
		A58B1C6424D68D630090B1B6 /* SceneDelegate.swift */ = {isa = PBXFileReference; lastKnownFileType = sourcecode.swift; path = SceneDelegate.swift; sourceTree = "<group>"; };
		A58B1C6D24D68D6A0090B1B6 /* Assets.xcassets */ = {isa = PBXFileReference; lastKnownFileType = folder.assetcatalog; path = Assets.xcassets; sourceTree = "<group>"; };
		A58B1C7024D68D6A0090B1B6 /* Base */ = {isa = PBXFileReference; lastKnownFileType = file.storyboard; name = Base; path = Base.lproj/LaunchScreen.storyboard; sourceTree = "<group>"; };
		A58B1C7224D68D6A0090B1B6 /* Info.plist */ = {isa = PBXFileReference; lastKnownFileType = text.plist.xml; path = Info.plist; sourceTree = "<group>"; };
		A58B1C7724D68D6A0090B1B6 /* Coding-TestTests.xctest */ = {isa = PBXFileReference; explicitFileType = wrapper.cfbundle; includeInIndex = 0; path = "Coding-TestTests.xctest"; sourceTree = BUILT_PRODUCTS_DIR; };
		A58B1C7B24D68D6A0090B1B6 /* Coding_TestTests.swift */ = {isa = PBXFileReference; lastKnownFileType = sourcecode.swift; path = Coding_TestTests.swift; sourceTree = "<group>"; };
		A58B1C7D24D68D6A0090B1B6 /* Info.plist */ = {isa = PBXFileReference; lastKnownFileType = text.plist.xml; path = Info.plist; sourceTree = "<group>"; };
		C9C0D7AE28126A5F006A8F39 /* SecondViewController.swift */ = {isa = PBXFileReference; lastKnownFileType = sourcecode.swift; path = SecondViewController.swift; sourceTree = "<group>"; };
		C9C0D7B028126C89006A8F39 /* RootView.swift */ = {isa = PBXFileReference; lastKnownFileType = sourcecode.swift; path = RootView.swift; sourceTree = "<group>"; };
		C9C0D7B728126E53006A8F39 /* CustomView.swift */ = {isa = PBXFileReference; lastKnownFileType = sourcecode.swift; path = CustomView.swift; sourceTree = "<group>"; };
		C9C0D7B928126F50006A8F39 /* RealmManager.swift */ = {isa = PBXFileReference; lastKnownFileType = sourcecode.swift; path = RealmManager.swift; sourceTree = "<group>"; };
		C9C0D7BB28128734006A8F39 /* TestviewModel.swift */ = {isa = PBXFileReference; lastKnownFileType = sourcecode.swift; path = TestviewModel.swift; sourceTree = "<group>"; };
		C9EA2AF328123011004DA10B /* FirstViewController.swift */ = {isa = PBXFileReference; lastKnownFileType = sourcecode.swift; path = FirstViewController.swift; sourceTree = "<group>"; };
		C9EA2AF6281230B9004DA10B /* APIFetcher.swift */ = {isa = PBXFileReference; lastKnownFileType = sourcecode.swift; path = APIFetcher.swift; sourceTree = "<group>"; };
		C9EA2AF8281232FD004DA10B /* ResponseBase.swift */ = {isa = PBXFileReference; lastKnownFileType = sourcecode.swift; path = ResponseBase.swift; sourceTree = "<group>"; };
/* End PBXFileReference section */

/* Begin PBXFrameworksBuildPhase section */
		A58B1C5C24D68D630090B1B6 /* Frameworks */ = {
			isa = PBXFrameworksBuildPhase;
			buildActionMask = 2147483647;
			files = (
				C9C0D7B628126DFC006A8F39 /* RealmSwift in Frameworks */,
				C9C0D7B428126DFC006A8F39 /* Realm in Frameworks */,
				C9EA2B0128124D62004DA10B /* Kingfisher in Frameworks */,
			);
			runOnlyForDeploymentPostprocessing = 0;
		};
		A58B1C7424D68D6A0090B1B6 /* Frameworks */ = {
			isa = PBXFrameworksBuildPhase;
			buildActionMask = 2147483647;
			files = (
			);
			runOnlyForDeploymentPostprocessing = 0;
		};
/* End PBXFrameworksBuildPhase section */

/* Begin PBXGroup section */
		A58B1C5624D68D630090B1B6 = {
			isa = PBXGroup;
			children = (
				A58B1C6124D68D630090B1B6 /* Coding-Test */,
				A58B1C7A24D68D6A0090B1B6 /* Coding-TestTests */,
				A58B1C6024D68D630090B1B6 /* Products */,
			);
			sourceTree = "<group>";
		};
		A58B1C6024D68D630090B1B6 /* Products */ = {
			isa = PBXGroup;
			children = (
				A58B1C5F24D68D630090B1B6 /* Coding-Test.app */,
				A58B1C7724D68D6A0090B1B6 /* Coding-TestTests.xctest */,
			);
			name = Products;
			sourceTree = "<group>";
		};
		A58B1C6124D68D630090B1B6 /* Coding-Test */ = {
			isa = PBXGroup;
			children = (
				C9EA2AF5281230A0004DA10B /* API */,
				A58B1C6224D68D630090B1B6 /* AppDelegate.swift */,
				A58B1C6424D68D630090B1B6 /* SceneDelegate.swift */,
				C9EA2AF328123011004DA10B /* FirstViewController.swift */,
				C9C0D7BB28128734006A8F39 /* TestviewModel.swift */,
				C9C0D7B928126F50006A8F39 /* RealmManager.swift */,
				C9C0D7AE28126A5F006A8F39 /* SecondViewController.swift */,
				C9C0D7B728126E53006A8F39 /* CustomView.swift */,
				A58B1C6D24D68D6A0090B1B6 /* Assets.xcassets */,
				A58B1C6F24D68D6A0090B1B6 /* LaunchScreen.storyboard */,
				A58B1C7224D68D6A0090B1B6 /* Info.plist */,
				C9C0D7B028126C89006A8F39 /* RootView.swift */,
			);
			path = "Coding-Test";
			sourceTree = "<group>";
		};
		A58B1C7A24D68D6A0090B1B6 /* Coding-TestTests */ = {
			isa = PBXGroup;
			children = (
				A58B1C7B24D68D6A0090B1B6 /* Coding_TestTests.swift */,
				A58B1C7D24D68D6A0090B1B6 /* Info.plist */,
			);
			path = "Coding-TestTests";
			sourceTree = "<group>";
		};
		C9EA2AF5281230A0004DA10B /* API */ = {
			isa = PBXGroup;
			children = (
				C9EA2AF6281230B9004DA10B /* APIFetcher.swift */,
				C9EA2AF8281232FD004DA10B /* ResponseBase.swift */,
			);
			path = API;
			sourceTree = "<group>";
		};
/* End PBXGroup section */

/* Begin PBXNativeTarget section */
		A58B1C5E24D68D630090B1B6 /* Coding-Test */ = {
			isa = PBXNativeTarget;
			buildConfigurationList = A58B1C8024D68D6A0090B1B6 /* Build configuration list for PBXNativeTarget "Coding-Test" */;
			buildPhases = (
				A58B1C5B24D68D630090B1B6 /* Sources */,
				A58B1C5C24D68D630090B1B6 /* Frameworks */,
				A58B1C5D24D68D630090B1B6 /* Resources */,
			);
			buildRules = (
			);
			dependencies = (
			);
			name = "Coding-Test";
			packageProductDependencies = (
				C9EA2B0028124D62004DA10B /* Kingfisher */,
				C9C0D7B328126DFC006A8F39 /* Realm */,
				C9C0D7B528126DFC006A8F39 /* RealmSwift */,
			);
			productName = "Coding-Test";
			productReference = A58B1C5F24D68D630090B1B6 /* Coding-Test.app */;
			productType = "com.apple.product-type.application";
		};
		A58B1C7624D68D6A0090B1B6 /* Coding-TestTests */ = {
			isa = PBXNativeTarget;
			buildConfigurationList = A58B1C8324D68D6A0090B1B6 /* Build configuration list for PBXNativeTarget "Coding-TestTests" */;
			buildPhases = (
				A58B1C7324D68D6A0090B1B6 /* Sources */,
				A58B1C7424D68D6A0090B1B6 /* Frameworks */,
				A58B1C7524D68D6A0090B1B6 /* Resources */,
			);
			buildRules = (
			);
			dependencies = (
				A58B1C7924D68D6A0090B1B6 /* PBXTargetDependency */,
			);
			name = "Coding-TestTests";
			productName = "Coding-TestTests";
			productReference = A58B1C7724D68D6A0090B1B6 /* Coding-TestTests.xctest */;
			productType = "com.apple.product-type.bundle.unit-test";
		};
/* End PBXNativeTarget section */

/* Begin PBXProject section */
		A58B1C5724D68D630090B1B6 /* Project object */ = {
			isa = PBXProject;
			attributes = {
				LastSwiftUpdateCheck = 1160;
				LastUpgradeCheck = 1330;
				ORGANIZATIONNAME = DeliveyHero;
				TargetAttributes = {
					A58B1C5E24D68D630090B1B6 = {
						CreatedOnToolsVersion = 11.6;
					};
					A58B1C7624D68D6A0090B1B6 = {
						CreatedOnToolsVersion = 11.6;
						TestTargetID = A58B1C5E24D68D630090B1B6;
					};
				};
			};
			buildConfigurationList = A58B1C5A24D68D630090B1B6 /* Build configuration list for PBXProject "Coding-Test" */;
			compatibilityVersion = "Xcode 9.3";
			developmentRegion = en;
			hasScannedForEncodings = 0;
			knownRegions = (
				en,
				Base,
			);
			mainGroup = A58B1C5624D68D630090B1B6;
			packageReferences = (
				C9EA2AFF28124D62004DA10B /* XCRemoteSwiftPackageReference "Kingfisher" */,
				C9C0D7B228126DFC006A8F39 /* XCRemoteSwiftPackageReference "realm-swift" */,
			);
			productRefGroup = A58B1C6024D68D630090B1B6 /* Products */;
			projectDirPath = "";
			projectRoot = "";
			targets = (
				A58B1C5E24D68D630090B1B6 /* Coding-Test */,
				A58B1C7624D68D6A0090B1B6 /* Coding-TestTests */,
			);
		};
/* End PBXProject section */

/* Begin PBXResourcesBuildPhase section */
		A58B1C5D24D68D630090B1B6 /* Resources */ = {
			isa = PBXResourcesBuildPhase;
			buildActionMask = 2147483647;
			files = (
				A58B1C7124D68D6A0090B1B6 /* LaunchScreen.storyboard in Resources */,
				A58B1C6E24D68D6A0090B1B6 /* Assets.xcassets in Resources */,
			);
			runOnlyForDeploymentPostprocessing = 0;
		};
		A58B1C7524D68D6A0090B1B6 /* Resources */ = {
			isa = PBXResourcesBuildPhase;
			buildActionMask = 2147483647;
			files = (
			);
			runOnlyForDeploymentPostprocessing = 0;
		};
/* End PBXResourcesBuildPhase section */

/* Begin PBXSourcesBuildPhase section */
		A58B1C5B24D68D630090B1B6 /* Sources */ = {
			isa = PBXSourcesBuildPhase;
			buildActionMask = 2147483647;
			files = (
				C9C0D7AF28126A5F006A8F39 /* SecondViewController.swift in Sources */,
				C9C0D7B828126E53006A8F39 /* CustomView.swift in Sources */,
				A58B1C6324D68D630090B1B6 /* AppDelegate.swift in Sources */,
				C9EA2AF7281230B9004DA10B /* APIFetcher.swift in Sources */,
				C9EA2AF9281232FD004DA10B /* ResponseBase.swift in Sources */,
				C9C0D7BA28126F50006A8F39 /* RealmManager.swift in Sources */,
				C9C0D7B128126C89006A8F39 /* RootView.swift in Sources */,
				A58B1C6524D68D630090B1B6 /* SceneDelegate.swift in Sources */,
				C9C0D7BC28128734006A8F39 /* TestviewModel.swift in Sources */,
				C9EA2AF428123011004DA10B /* FirstViewController.swift in Sources */,
			);
			runOnlyForDeploymentPostprocessing = 0;
		};
		A58B1C7324D68D6A0090B1B6 /* Sources */ = {
			isa = PBXSourcesBuildPhase;
			buildActionMask = 2147483647;
			files = (
				A58B1C7C24D68D6A0090B1B6 /* Coding_TestTests.swift in Sources */,
			);
			runOnlyForDeploymentPostprocessing = 0;
		};
/* End PBXSourcesBuildPhase section */

/* Begin PBXTargetDependency section */
		A58B1C7924D68D6A0090B1B6 /* PBXTargetDependency */ = {
			isa = PBXTargetDependency;
			target = A58B1C5E24D68D630090B1B6 /* Coding-Test */;
			targetProxy = A58B1C7824D68D6A0090B1B6 /* PBXContainerItemProxy */;
		};
/* End PBXTargetDependency section */

/* Begin PBXVariantGroup section */
		A58B1C6F24D68D6A0090B1B6 /* LaunchScreen.storyboard */ = {
			isa = PBXVariantGroup;
			children = (
				A58B1C7024D68D6A0090B1B6 /* Base */,
			);
			name = LaunchScreen.storyboard;
			sourceTree = "<group>";
		};
/* End PBXVariantGroup section */

/* Begin XCBuildConfiguration section */
		A58B1C7E24D68D6A0090B1B6 /* Debug */ = {
			isa = XCBuildConfiguration;
			buildSettings = {
				ALWAYS_SEARCH_USER_PATHS = NO;
				CLANG_ANALYZER_NONNULL = YES;
				CLANG_ANALYZER_NUMBER_OBJECT_CONVERSION = YES_AGGRESSIVE;
				CLANG_CXX_LANGUAGE_STANDARD = "gnu++14";
				CLANG_CXX_LIBRARY = "libc++";
				CLANG_ENABLE_MODULES = YES;
				CLANG_ENABLE_OBJC_ARC = YES;
				CLANG_ENABLE_OBJC_WEAK = YES;
				CLANG_WARN_BLOCK_CAPTURE_AUTORELEASING = YES;
				CLANG_WARN_BOOL_CONVERSION = YES;
				CLANG_WARN_COMMA = YES;
				CLANG_WARN_CONSTANT_CONVERSION = YES;
				CLANG_WARN_DEPRECATED_OBJC_IMPLEMENTATIONS = YES;
				CLANG_WARN_DIRECT_OBJC_ISA_USAGE = YES_ERROR;
				CLANG_WARN_DOCUMENTATION_COMMENTS = YES;
				CLANG_WARN_EMPTY_BODY = YES;
				CLANG_WARN_ENUM_CONVERSION = YES;
				CLANG_WARN_INFINITE_RECURSION = YES;
				CLANG_WARN_INT_CONVERSION = YES;
				CLANG_WARN_NON_LITERAL_NULL_CONVERSION = YES;
				CLANG_WARN_OBJC_IMPLICIT_RETAIN_SELF = YES;
				CLANG_WARN_OBJC_LITERAL_CONVERSION = YES;
				CLANG_WARN_OBJC_ROOT_CLASS = YES_ERROR;
				CLANG_WARN_QUOTED_INCLUDE_IN_FRAMEWORK_HEADER = YES;
				CLANG_WARN_RANGE_LOOP_ANALYSIS = YES;
				CLANG_WARN_STRICT_PROTOTYPES = YES;
				CLANG_WARN_SUSPICIOUS_MOVE = YES;
				CLANG_WARN_UNGUARDED_AVAILABILITY = YES_AGGRESSIVE;
				CLANG_WARN_UNREACHABLE_CODE = YES;
				CLANG_WARN__DUPLICATE_METHOD_MATCH = YES;
				COPY_PHASE_STRIP = NO;
				DEBUG_INFORMATION_FORMAT = dwarf;
				ENABLE_STRICT_OBJC_MSGSEND = YES;
				ENABLE_TESTABILITY = YES;
				GCC_C_LANGUAGE_STANDARD = gnu11;
				GCC_DYNAMIC_NO_PIC = NO;
				GCC_NO_COMMON_BLOCKS = YES;
				GCC_OPTIMIZATION_LEVEL = 0;
				GCC_PREPROCESSOR_DEFINITIONS = (
					"DEBUG=1",
					"$(inherited)",
				);
				GCC_WARN_64_TO_32_BIT_CONVERSION = YES;
				GCC_WARN_ABOUT_RETURN_TYPE = YES_ERROR;
				GCC_WARN_UNDECLARED_SELECTOR = YES;
				GCC_WARN_UNINITIALIZED_AUTOS = YES_AGGRESSIVE;
				GCC_WARN_UNUSED_FUNCTION = YES;
				GCC_WARN_UNUSED_VARIABLE = YES;
				IPHONEOS_DEPLOYMENT_TARGET = 14.0;
				MTL_ENABLE_DEBUG_INFO = INCLUDE_SOURCE;
				MTL_FAST_MATH = YES;
				ONLY_ACTIVE_ARCH = YES;
				SDKROOT = iphoneos;
				SWIFT_ACTIVE_COMPILATION_CONDITIONS = DEBUG;
				SWIFT_OPTIMIZATION_LEVEL = "-Onone";
			};
			name = Debug;
		};
		A58B1C7F24D68D6A0090B1B6 /* Release */ = {
			isa = XCBuildConfiguration;
			buildSettings = {
				ALWAYS_SEARCH_USER_PATHS = NO;
				CLANG_ANALYZER_NONNULL = YES;
				CLANG_ANALYZER_NUMBER_OBJECT_CONVERSION = YES_AGGRESSIVE;
				CLANG_CXX_LANGUAGE_STANDARD = "gnu++14";
				CLANG_CXX_LIBRARY = "libc++";
				CLANG_ENABLE_MODULES = YES;
				CLANG_ENABLE_OBJC_ARC = YES;
				CLANG_ENABLE_OBJC_WEAK = YES;
				CLANG_WARN_BLOCK_CAPTURE_AUTORELEASING = YES;
				CLANG_WARN_BOOL_CONVERSION = YES;
				CLANG_WARN_COMMA = YES;
				CLANG_WARN_CONSTANT_CONVERSION = YES;
				CLANG_WARN_DEPRECATED_OBJC_IMPLEMENTATIONS = YES;
				CLANG_WARN_DIRECT_OBJC_ISA_USAGE = YES_ERROR;
				CLANG_WARN_DOCUMENTATION_COMMENTS = YES;
				CLANG_WARN_EMPTY_BODY = YES;
				CLANG_WARN_ENUM_CONVERSION = YES;
				CLANG_WARN_INFINITE_RECURSION = YES;
				CLANG_WARN_INT_CONVERSION = YES;
				CLANG_WARN_NON_LITERAL_NULL_CONVERSION = YES;
				CLANG_WARN_OBJC_IMPLICIT_RETAIN_SELF = YES;
				CLANG_WARN_OBJC_LITERAL_CONVERSION = YES;
				CLANG_WARN_OBJC_ROOT_CLASS = YES_ERROR;
				CLANG_WARN_QUOTED_INCLUDE_IN_FRAMEWORK_HEADER = YES;
				CLANG_WARN_RANGE_LOOP_ANALYSIS = YES;
				CLANG_WARN_STRICT_PROTOTYPES = YES;
				CLANG_WARN_SUSPICIOUS_MOVE = YES;
				CLANG_WARN_UNGUARDED_AVAILABILITY = YES_AGGRESSIVE;
				CLANG_WARN_UNREACHABLE_CODE = YES;
				CLANG_WARN__DUPLICATE_METHOD_MATCH = YES;
				COPY_PHASE_STRIP = NO;
				DEBUG_INFORMATION_FORMAT = "dwarf-with-dsym";
				ENABLE_NS_ASSERTIONS = NO;
				ENABLE_STRICT_OBJC_MSGSEND = YES;
				GCC_C_LANGUAGE_STANDARD = gnu11;
				GCC_NO_COMMON_BLOCKS = YES;
				GCC_WARN_64_TO_32_BIT_CONVERSION = YES;
				GCC_WARN_ABOUT_RETURN_TYPE = YES_ERROR;
				GCC_WARN_UNDECLARED_SELECTOR = YES;
				GCC_WARN_UNINITIALIZED_AUTOS = YES_AGGRESSIVE;
				GCC_WARN_UNUSED_FUNCTION = YES;
				GCC_WARN_UNUSED_VARIABLE = YES;
				IPHONEOS_DEPLOYMENT_TARGET = 14.0;
				MTL_ENABLE_DEBUG_INFO = NO;
				MTL_FAST_MATH = YES;
				SDKROOT = iphoneos;
				SWIFT_COMPILATION_MODE = wholemodule;
				SWIFT_OPTIMIZATION_LEVEL = "-O";
				VALIDATE_PRODUCT = YES;
			};
			name = Release;
		};
		A58B1C8124D68D6A0090B1B6 /* Debug */ = {
			isa = XCBuildConfiguration;
			buildSettings = {
				ASSETCATALOG_COMPILER_APPICON_NAME = AppIcon;
				CODE_SIGN_STYLE = Automatic;
				DEVELOPMENT_TEAM = RS862R5996;
				INFOPLIST_FILE = "Coding-Test/Info.plist";
				LD_RUNPATH_SEARCH_PATHS = (
					"$(inherited)",
					"@executable_path/Frameworks",
				);
				PRODUCT_BUNDLE_IDENTIFIER = "kr.co.deliveryhero.Coding-Test";
				PRODUCT_NAME = "$(TARGET_NAME)";
				SWIFT_VERSION = 5.0;
				TARGETED_DEVICE_FAMILY = "1,2";
			};
			name = Debug;
		};
		A58B1C8224D68D6A0090B1B6 /* Release */ = {
			isa = XCBuildConfiguration;
			buildSettings = {
				ASSETCATALOG_COMPILER_APPICON_NAME = AppIcon;
				CODE_SIGN_STYLE = Automatic;
				DEVELOPMENT_TEAM = RS862R5996;
				INFOPLIST_FILE = "Coding-Test/Info.plist";
				LD_RUNPATH_SEARCH_PATHS = (
					"$(inherited)",
					"@executable_path/Frameworks",
				);
				PRODUCT_BUNDLE_IDENTIFIER = "kr.co.deliveryhero.Coding-Test";
				PRODUCT_NAME = "$(TARGET_NAME)";
				SWIFT_VERSION = 5.0;
				TARGETED_DEVICE_FAMILY = "1,2";
			};
			name = Release;
		};
		A58B1C8424D68D6A0090B1B6 /* Debug */ = {
			isa = XCBuildConfiguration;
			buildSettings = {
				ALWAYS_EMBED_SWIFT_STANDARD_LIBRARIES = YES;
				BUNDLE_LOADER = "$(TEST_HOST)";
				CODE_SIGN_STYLE = Automatic;
				DEVELOPMENT_TEAM = RS862R5996;
				INFOPLIST_FILE = "Coding-TestTests/Info.plist";
				IPHONEOS_DEPLOYMENT_TARGET = 14.0;
				LD_RUNPATH_SEARCH_PATHS = (
					"$(inherited)",
					"@executable_path/Frameworks",
					"@loader_path/Frameworks",
				);
				PRODUCT_BUNDLE_IDENTIFIER = "kr.co.deliveryhero.Coding-TestTests";
				PRODUCT_NAME = "$(TARGET_NAME)";
				SWIFT_VERSION = 5.0;
				TARGETED_DEVICE_FAMILY = "1,2";
				TEST_HOST = "$(BUILT_PRODUCTS_DIR)/Coding-Test.app/Coding-Test";
			};
			name = Debug;
		};
		A58B1C8524D68D6A0090B1B6 /* Release */ = {
			isa = XCBuildConfiguration;
			buildSettings = {
				ALWAYS_EMBED_SWIFT_STANDARD_LIBRARIES = YES;
				BUNDLE_LOADER = "$(TEST_HOST)";
				CODE_SIGN_STYLE = Automatic;
				DEVELOPMENT_TEAM = RS862R5996;
				INFOPLIST_FILE = "Coding-TestTests/Info.plist";
				IPHONEOS_DEPLOYMENT_TARGET = 14.0;
				LD_RUNPATH_SEARCH_PATHS = (
					"$(inherited)",
					"@executable_path/Frameworks",
					"@loader_path/Frameworks",
				);
				PRODUCT_BUNDLE_IDENTIFIER = "kr.co.deliveryhero.Coding-TestTests";
				PRODUCT_NAME = "$(TARGET_NAME)";
				SWIFT_VERSION = 5.0;
				TARGETED_DEVICE_FAMILY = "1,2";
				TEST_HOST = "$(BUILT_PRODUCTS_DIR)/Coding-Test.app/Coding-Test";
			};
			name = Release;
		};
/* End XCBuildConfiguration section */

/* Begin XCConfigurationList section */
		A58B1C5A24D68D630090B1B6 /* Build configuration list for PBXProject "Coding-Test" */ = {
			isa = XCConfigurationList;
			buildConfigurations = (
				A58B1C7E24D68D6A0090B1B6 /* Debug */,
				A58B1C7F24D68D6A0090B1B6 /* Release */,
			);
			defaultConfigurationIsVisible = 0;
			defaultConfigurationName = Release;
		};
		A58B1C8024D68D6A0090B1B6 /* Build configuration list for PBXNativeTarget "Coding-Test" */ = {
			isa = XCConfigurationList;
			buildConfigurations = (
				A58B1C8124D68D6A0090B1B6 /* Debug */,
				A58B1C8224D68D6A0090B1B6 /* Release */,
			);
			defaultConfigurationIsVisible = 0;
			defaultConfigurationName = Release;
		};
		A58B1C8324D68D6A0090B1B6 /* Build configuration list for PBXNativeTarget "Coding-TestTests" */ = {
			isa = XCConfigurationList;
			buildConfigurations = (
				A58B1C8424D68D6A0090B1B6 /* Debug */,
				A58B1C8524D68D6A0090B1B6 /* Release */,
			);
			defaultConfigurationIsVisible = 0;
			defaultConfigurationName = Release;
		};
/* End XCConfigurationList section */

/* Begin XCRemoteSwiftPackageReference section */
		C9C0D7B228126DFC006A8F39 /* XCRemoteSwiftPackageReference "realm-swift" */ = {
			isa = XCRemoteSwiftPackageReference;
			repositoryURL = "https://github.com/realm/realm-swift.git";
			requirement = {
				branch = master;
				kind = branch;
			};
		};
		C9EA2AFF28124D62004DA10B /* XCRemoteSwiftPackageReference "Kingfisher" */ = {
			isa = XCRemoteSwiftPackageReference;
			repositoryURL = "https://github.com/onevcat/Kingfisher";
			requirement = {
				branch = master;
				kind = branch;
			};
		};
/* End XCRemoteSwiftPackageReference section */

/* Begin XCSwiftPackageProductDependency section */
		C9C0D7B328126DFC006A8F39 /* Realm */ = {
			isa = XCSwiftPackageProductDependency;
			package = C9C0D7B228126DFC006A8F39 /* XCRemoteSwiftPackageReference "realm-swift" */;
			productName = Realm;
		};
		C9C0D7B528126DFC006A8F39 /* RealmSwift */ = {
			isa = XCSwiftPackageProductDependency;
			package = C9C0D7B228126DFC006A8F39 /* XCRemoteSwiftPackageReference "realm-swift" */;
			productName = RealmSwift;
		};
		C9EA2B0028124D62004DA10B /* Kingfisher */ = {
			isa = XCSwiftPackageProductDependency;
			package = C9EA2AFF28124D62004DA10B /* XCRemoteSwiftPackageReference "Kingfisher" */;
			productName = Kingfisher;
		};
/* End XCSwiftPackageProductDependency section */
	};
	rootObject = A58B1C5724D68D630090B1B6 /* Project object */;
}
